// !$*UTF8*$!
{
	archiveVersion = 1;
	classes = {
	};
	objectVersion = 56;
	objects = {

/* Begin PBXBuildFile section */
		BC546EC92A3AF5A800D0E57A /* main.cpp in Sources */ = {isa = PBXBuildFile; fileRef = BC546EC82A3AF5A800D0E57A /* main.cpp */; };
		BC546ED12A3AF61B00D0E57A /* Repas.cpp in Sources */ = {isa = PBXBuildFile; fileRef = BC546ECF2A3AF61B00D0E57A /* Repas.cpp */; };
		BC546ED42A3AF62600D0E57A /* Plat.cpp in Sources */ = {isa = PBXBuildFile; fileRef = BC546ED22A3AF62600D0E57A /* Plat.cpp */; };
/* End PBXBuildFile section */

/* Begin PBXCopyFilesBuildPhase section */
		BC546EC32A3AF5A800D0E57A /* CopyFiles */ = {
			isa = PBXCopyFilesBuildPhase;
			buildActionMask = 2147483647;
			dstPath = /usr/share/man/man1/;
			dstSubfolderSpec = 0;
			files = (
			);
			runOnlyForDeploymentPostprocessing = 1;
		};
/* End PBXCopyFilesBuildPhase section */

/* Begin PBXFileReference section */
		BC546EC52A3AF5A800D0E57A /* Revision */ = {isa = PBXFileReference; explicitFileType = "compiled.mach-o.executable"; includeInIndex = 0; path = Revision; sourceTree = BUILT_PRODUCTS_DIR; };
		BC546EC82A3AF5A800D0E57A /* main.cpp */ = {isa = PBXFileReference; lastKnownFileType = sourcecode.cpp.cpp; path = main.cpp; sourceTree = "<group>"; };
		BC546ECF2A3AF61B00D0E57A /* Repas.cpp */ = {isa = PBXFileReference; lastKnownFileType = sourcecode.cpp.cpp; path = Repas.cpp; sourceTree = "<group>"; };
		BC546ED02A3AF61B00D0E57A /* Repas.hpp */ = {isa = PBXFileReference; lastKnownFileType = sourcecode.cpp.h; path = Repas.hpp; sourceTree = "<group>"; };
		BC546ED22A3AF62600D0E57A /* Plat.cpp */ = {isa = PBXFileReference; lastKnownFileType = sourcecode.cpp.cpp; path = Plat.cpp; sourceTree = "<group>"; };
		BC546ED32A3AF62600D0E57A /* Plat.hpp */ = {isa = PBXFileReference; lastKnownFileType = sourcecode.cpp.h; path = Plat.hpp; sourceTree = "<group>"; };
/* End PBXFileReference section */

/* Begin PBXFrameworksBuildPhase section */
		BC546EC22A3AF5A800D0E57A /* Frameworks */ = {
			isa = PBXFrameworksBuildPhase;
			buildActionMask = 2147483647;
			files = (
			);
			runOnlyForDeploymentPostprocessing = 0;
		};
/* End PBXFrameworksBuildPhase section */

/* Begin PBXGroup section */
		BC546EBC2A3AF5A800D0E57A = {
			isa = PBXGroup;
			children = (
				BC546EC72A3AF5A800D0E57A /* Revision */,
				BC546EC62A3AF5A800D0E57A /* Products */,
			);
			sourceTree = "<group>";
		};
		BC546EC62A3AF5A800D0E57A /* Products */ = {
			isa = PBXGroup;
			children = (
				BC546EC52A3AF5A800D0E57A /* Revision */,
			);
			name = Products;
			sourceTree = "<group>";
		};
		BC546EC72A3AF5A800D0E57A /* Revision */ = {
			isa = PBXGroup;
			children = (
				BC546EC82A3AF5A800D0E57A /* main.cpp */,
				BC546ED22A3AF62600D0E57A /* Plat.cpp */,
				BC546ED32A3AF62600D0E57A /* Plat.hpp */,
				BC546ECF2A3AF61B00D0E57A /* Repas.cpp */,
				BC546ED02A3AF61B00D0E57A /* Repas.hpp */,
			);
			path = Revision;
			sourceTree = "<group>";
		};
/* End PBXGroup section */

/* Begin PBXNativeTarget section */
		BC546EC42A3AF5A800D0E57A /* Revision */ = {
			isa = PBXNativeTarget;
			buildConfigurationList = BC546ECC2A3AF5A800D0E57A /* Build configuration list for PBXNativeTarget "Revision" */;
			buildPhases = (
				BC546EC12A3AF5A800D0E57A /* Sources */,
				BC546EC22A3AF5A800D0E57A /* Frameworks */,
				BC546EC32A3AF5A800D0E57A /* CopyFiles */,
			);
			buildRules = (
			);
			dependencies = (
			);
			name = Revision;
			productName = Revision;
			productReference = BC546EC52A3AF5A800D0E57A /* Revision */;
			productType = "com.apple.product-type.tool";
		};
/* End PBXNativeTarget section */

/* Begin PBXProject section */
		BC546EBD2A3AF5A800D0E57A /* Project object */ = {
			isa = PBXProject;
			attributes = {
				BuildIndependentTargetsInParallel = 1;
				LastUpgradeCheck = 1430;
				TargetAttributes = {
					BC546EC42A3AF5A800D0E57A = {
						CreatedOnToolsVersion = 14.3;
					};
				};
			};
			buildConfigurationList = BC546EC02A3AF5A800D0E57A /* Build configuration list for PBXProject "Revision" */;
			compatibilityVersion = "Xcode 14.0";
			developmentRegion = en;
			hasScannedForEncodings = 0;
			knownRegions = (
				en,
				Base,
			);
			mainGroup = BC546EBC2A3AF5A800D0E57A;
			productRefGroup = BC546EC62A3AF5A800D0E57A /* Products */;
			projectDirPath = "";
			projectRoot = "";
			targets = (
				BC546EC42A3AF5A800D0E57A /* Revision */,
			);
		};
/* End PBXProject section */

/* Begin PBXSourcesBuildPhase section */
		BC546EC12A3AF5A800D0E57A /* Sources */ = {
			isa = PBXSourcesBuildPhase;
			buildActionMask = 2147483647;
			files = (
				BC546ED42A3AF62600D0E57A /* Plat.cpp in Sources */,
				BC546EC92A3AF5A800D0E57A /* main.cpp in Sources */,
				BC546ED12A3AF61B00D0E57A /* Repas.cpp in Sources */,
			);
			runOnlyForDeploymentPostprocessing = 0;
		};
/* End PBXSourcesBuildPhase section */

/* Begin XCBuildConfiguration section */
		BC546ECA2A3AF5A800D0E57A /* Debug */ = {
			isa = XCBuildConfiguration;
			buildSettings = {
				ALWAYS_SEARCH_USER_PATHS = NO;
				CLANG_ANALYZER_NONNULL = YES;
				CLANG_ANALYZER_NUMBER_OBJECT_CONVERSION = YES_AGGRESSIVE;
				CLANG_CXX_LANGUAGE_STANDARD = "gnu++20";
				CLANG_ENABLE_MODULES = YES;
				CLANG_ENABLE_OBJC_ARC = YES;
				CLANG_ENABLE_OBJC_WEAK = YES;
				CLANG_WARN_BLOCK_CAPTURE_AUTORELEASING = YES;
				CLANG_WARN_BOOL_CONVERSION = YES;
				CLANG_WARN_COMMA = YES;
				CLANG_WARN_CONSTANT_CONVERSION = YES;
				CLANG_WARN_DEPRECATED_OBJC_IMPLEMENTATIONS = YES;
				CLANG_WARN_DIRECT_OBJC_ISA_USAGE = YES_ERROR;
				CLANG_WARN_DOCUMENTATION_COMMENTS = YES;
				CLANG_WARN_EMPTY_BODY = YES;
				CLANG_WARN_ENUM_CONVERSION = YES;
				CLANG_WARN_INFINITE_RECURSION = YES;
				CLANG_WARN_INT_CONVERSION = YES;
				CLANG_WARN_NON_LITERAL_NULL_CONVERSION = YES;
				CLANG_WARN_OBJC_IMPLICIT_RETAIN_SELF = YES;
				CLANG_WARN_OBJC_LITERAL_CONVERSION = YES;
				CLANG_WARN_OBJC_ROOT_CLASS = YES_ERROR;
				CLANG_WARN_QUOTED_INCLUDE_IN_FRAMEWORK_HEADER = YES;
				CLANG_WARN_RANGE_LOOP_ANALYSIS = YES;
				CLANG_WARN_STRICT_PROTOTYPES = YES;
				CLANG_WARN_SUSPICIOUS_MOVE = YES;
				CLANG_WARN_UNGUARDED_AVAILABILITY = YES_AGGRESSIVE;
				CLANG_WARN_UNREACHABLE_CODE = YES;
				CLANG_WARN__DUPLICATE_METHOD_MATCH = YES;
				COPY_PHASE_STRIP = NO;
				DEBUG_INFORMATION_FORMAT = dwarf;
				ENABLE_STRICT_OBJC_MSGSEND = YES;
				ENABLE_TESTABILITY = YES;
				GCC_C_LANGUAGE_STANDARD = gnu11;
				GCC_DYNAMIC_NO_PIC = NO;
				GCC_NO_COMMON_BLOCKS = YES;
				GCC_OPTIMIZATION_LEVEL = 0;
				GCC_PREPROCESSOR_DEFINITIONS = (
					"DEBUG=1",
					"$(inherited)",
				);
				GCC_WARN_64_TO_32_BIT_CONVERSION = YES;
				GCC_WARN_ABOUT_RETURN_TYPE = YES_ERROR;
				GCC_WARN_UNDECLARED_SELECTOR = YES;
				GCC_WARN_UNINITIALIZED_AUTOS = YES_AGGRESSIVE;
				GCC_WARN_UNUSED_FUNCTION = YES;
				GCC_WARN_UNUSED_VARIABLE = YES;
				MACOSX_DEPLOYMENT_TARGET = 13.3;
				MTL_ENABLE_DEBUG_INFO = INCLUDE_SOURCE;
				MTL_FAST_MATH = YES;
				ONLY_ACTIVE_ARCH = YES;
				SDKROOT = macosx;
			};
			name = Debug;
		};
		BC546ECB2A3AF5A800D0E57A /* Release */ = {
			isa = XCBuildConfiguration;
			buildSettings = {
				ALWAYS_SEARCH_USER_PATHS = NO;
				CLANG_ANALYZER_NONNULL = YES;
				CLANG_ANALYZER_NUMBER_OBJECT_CONVERSION = YES_AGGRESSIVE;
				CLANG_CXX_LANGUAGE_STANDARD = "gnu++20";
				CLANG_ENABLE_MODULES = YES;
				CLANG_ENABLE_OBJC_ARC = YES;
				CLANG_ENABLE_OBJC_WEAK = YES;
				CLANG_WARN_BLOCK_CAPTURE_AUTORELEASING = YES;
				CLANG_WARN_BOOL_CONVERSION = YES;
				CLANG_WARN_COMMA = YES;
				CLANG_WARN_CONSTANT_CONVERSION = YES;
				CLANG_WARN_DEPRECATED_OBJC_IMPLEMENTATIONS = YES;
				CLANG_WARN_DIRECT_OBJC_ISA_USAGE = YES_ERROR;
				CLANG_WARN_DOCUMENTATION_COMMENTS = YES;
				CLANG_WARN_EMPTY_BODY = YES;
				CLANG_WARN_ENUM_CONVERSION = YES;
				CLANG_WARN_INFINITE_RECURSION = YES;
				CLANG_WARN_INT_CONVERSION = YES;
				CLANG_WARN_NON_LITERAL_NULL_CONVERSION = YES;
				CLANG_WARN_OBJC_IMPLICIT_RETAIN_SELF = YES;
				CLANG_WARN_OBJC_LITERAL_CONVERSION = YES;
				CLANG_WARN_OBJC_ROOT_CLASS = YES_ERROR;
				CLANG_WARN_QUOTED_INCLUDE_IN_FRAMEWORK_HEADER = YES;
				CLANG_WARN_RANGE_LOOP_ANALYSIS = YES;
				CLANG_WARN_STRICT_PROTOTYPES = YES;
				CLANG_WARN_SUSPICIOUS_MOVE = YES;
				CLANG_WARN_UNGUARDED_AVAILABILITY = YES_AGGRESSIVE;
				CLANG_WARN_UNREACHABLE_CODE = YES;
				CLANG_WARN__DUPLICATE_METHOD_MATCH = YES;
				COPY_PHASE_STRIP = NO;
				DEBUG_INFORMATION_FORMAT = "dwarf-with-dsym";
				ENABLE_NS_ASSERTIONS = NO;
				ENABLE_STRICT_OBJC_MSGSEND = YES;
				GCC_C_LANGUAGE_STANDARD = gnu11;
				GCC_NO_COMMON_BLOCKS = YES;
				GCC_WARN_64_TO_32_BIT_CONVERSION = YES;
				GCC_WARN_ABOUT_RETURN_TYPE = YES_ERROR;
				GCC_WARN_UNDECLARED_SELECTOR = YES;
				GCC_WARN_UNINITIALIZED_AUTOS = YES_AGGRESSIVE;
				GCC_WARN_UNUSED_FUNCTION = YES;
				GCC_WARN_UNUSED_VARIABLE = YES;
				MACOSX_DEPLOYMENT_TARGET = 13.3;
				MTL_ENABLE_DEBUG_INFO = NO;
				MTL_FAST_MATH = YES;
				SDKROOT = macosx;
			};
			name = Release;
		};
		BC546ECD2A3AF5A800D0E57A /* Debug */ = {
			isa = XCBuildConfiguration;
			buildSettings = {
				CODE_SIGN_STYLE = Automatic;
				PRODUCT_NAME = "$(TARGET_NAME)";
			};
			name = Debug;
		};
		BC546ECE2A3AF5A800D0E57A /* Release */ = {
			isa = XCBuildConfiguration;
			buildSettings = {
				CODE_SIGN_STYLE = Automatic;
				PRODUCT_NAME = "$(TARGET_NAME)";
			};
			name = Release;
		};
/* End XCBuildConfiguration section */

/* Begin XCConfigurationList section */
		BC546EC02A3AF5A800D0E57A /* Build configuration list for PBXProject "Revision" */ = {
			isa = XCConfigurationList;
			buildConfigurations = (
				BC546ECA2A3AF5A800D0E57A /* Debug */,
				BC546ECB2A3AF5A800D0E57A /* Release */,
			);
			defaultConfigurationIsVisible = 0;
			defaultConfigurationName = Release;
		};
		BC546ECC2A3AF5A800D0E57A /* Build configuration list for PBXNativeTarget "Revision" */ = {
			isa = XCConfigurationList;
			buildConfigurations = (
				BC546ECD2A3AF5A800D0E57A /* Debug */,
				BC546ECE2A3AF5A800D0E57A /* Release */,
			);
			defaultConfigurationIsVisible = 0;
			defaultConfigurationName = Release;
		};
/* End XCConfigurationList section */
	};
	rootObject = BC546EBD2A3AF5A800D0E57A /* Project object */;
}
